{
  "name": "sysinfo",
  "version": "1.0.0",
  "lockfileVersion": 1,
  "requires": true,
  "dependencies": {
    "gpu-info": {
      "version": "0.0.1",
      "resolved": "https://registry.npmjs.org/gpu-info/-/gpu-info-0.0.1.tgz",
      "integrity": "sha1-UnVBBHuLFscWXt5HOkmdP/FnhME=",
      "requires": {
        "pegjs": "^0.10.0"
      }
    },
    "pegjs": {
      "version": "0.10.0",
      "resolved": "https://registry.npmjs.org/pegjs/-/pegjs-0.10.0.tgz",
      "integrity": "sha1-z4uvrm7d/0tafvsYUmnqr0YQ3b0="
    },
    "systeminformation": {
      "version": "5.3.1",
      "resolved": "https://registry.npmjs.org/systeminformation/-/systeminformation-5.3.1.tgz",
      "integrity": "sha512-1xG+6xfKXSowtZsAlUp6jVaV0q+5rq9yUN+ds6Hp2dR3/EdEU5r0v74qi5YF8BCGZfmddiOwDNB0h7ge70fmYA=="
    }
  }
}
