{
  "name": "sysinfo",
  "version": "1.0.0",
  "lockfileVersion": 1,
  "requires": true,
  "dependencies": {
    "systeminformation": {
      "version": "4.19.1",
      "resolved": "https://registry.npmjs.org/systeminformation/-/systeminformation-4.19.1.tgz",
      "integrity": "sha512-6Jb+0aepgRb2B4vFgxKKcrr8QexhERkPX1z0EzIyCKDMQjILt+ZbNtFxrGjFwa67tn9Wbqs1L5t/CjCUwB1FcA=="
    }
  }
}
